
Microsoft Visual Studio Solution File, Format Version 12.00
# Visual Studio Version 16
VisualStudioVersion = 16.0.29009.5
MinimumVisualStudioVersion = 15.0.26124.0
Project("{6EC3EE1D-3C4E-46DD-8F32-0CC8E7565705}") = "FSharp.Fix.Repository", "FSharp.Fix.Repository\FSharp.Fix.Repository.fsproj", "{DE7294F0-B69F-4B52-8340-D98442ACDD4C}"
EndProject
Project("{F2A71F9B-5D33-465A-A702-920D77279786}") = "FSharp.Fix.Repository.DesignTime", "FSharp.Fix.Repository.DesignTime\FSharp.Fix.Repository.DesignTime.fsproj", "{91B41841-224A-4AF7-9A07-57AD817C22F2}"
EndProject
Project("{F2A71F9B-5D33-465A-A702-920D77279786}") = "FSharp.Fix.Repository.Tests", "FSharp.Fix.Repository.Tests\FSharp.Fix.Repository.Tests.fsproj", "{C314E725-D884-43C8-A648-78025FA27C20}"
EndProject
Project("{F2A71F9B-5D33-465A-A702-920D77279786}") = "FSharp.Fix", "FSharp.Fix\FSharp.Fix.fsproj", "{75077B7D-6747-41BD-8F60-053ACB340C6F}"
EndProject
Project("{F2A71F9B-5D33-465A-A702-920D77279786}") = "FSharp.Fix.Tests", "FSharp.Fix.Tests\FSharp.Fix.Tests.fsproj", "{AA013943-D529-4DF3-B94D-EF11300440C1}"
EndProject
Project("{F2A71F9B-5D33-465A-A702-920D77279786}") = "fixcat", "fixcat\fixcat.fsproj", "{36677583-F838-4795-A667-4D8A1178EDD1}"
EndProject
Project("{F2A71F9B-5D33-465A-A702-920D77279786}") = "FSharp.Fix.Orchestra", "FSharp.Fix.Orchestra\FSharp.Fix.Orchestra.fsproj", "{5970FB31-9114-4BF1-A86F-CE270A1900A6}"
EndProject
Project("{F2A71F9B-5D33-465A-A702-920D77279786}") = "FSharp.Fix.Orchestra.DesignTime", "FSharp.Fix.Orchestra.DesignTime\FSharp.Fix.Orchestra.DesignTime.fsproj", "{5529F554-CDE1-4C1D-8368-2E2867241C78}"
EndProject
Project("{F2A71F9B-5D33-465A-A702-920D77279786}") = "FSharp.Fix.Orchestra.Tests", "FSharp.Fix.Orchestra.Tests\FSharp.Fix.Orchestra.Tests.fsproj", "{E671114B-97C2-4A7E-8F7C-0412DAC3878E}"
EndProject
Global
	GlobalSection(SolutionConfigurationPlatforms) = preSolution
		Debug|Any CPU = Debug|Any CPU
		Debug|x64 = Debug|x64
		Debug|x86 = Debug|x86
		Release|Any CPU = Release|Any CPU
		Release|x64 = Release|x64
		Release|x86 = Release|x86
	EndGlobalSection
	GlobalSection(ProjectConfigurationPlatforms) = postSolution
		{DE7294F0-B69F-4B52-8340-D98442ACDD4C}.Debug|Any CPU.ActiveCfg = Debug|Any CPU
		{DE7294F0-B69F-4B52-8340-D98442ACDD4C}.Debug|Any CPU.Build.0 = Debug|Any CPU
		{DE7294F0-B69F-4B52-8340-D98442ACDD4C}.Debug|x64.ActiveCfg = Debug|Any CPU
		{DE7294F0-B69F-4B52-8340-D98442ACDD4C}.Debug|x64.Build.0 = Debug|Any CPU
		{DE7294F0-B69F-4B52-8340-D98442ACDD4C}.Debug|x86.ActiveCfg = Debug|Any CPU
		{DE7294F0-B69F-4B52-8340-D98442ACDD4C}.Debug|x86.Build.0 = Debug|Any CPU
		{DE7294F0-B69F-4B52-8340-D98442ACDD4C}.Release|Any CPU.ActiveCfg = Release|Any CPU
		{DE7294F0-B69F-4B52-8340-D98442ACDD4C}.Release|Any CPU.Build.0 = Release|Any CPU
		{DE7294F0-B69F-4B52-8340-D98442ACDD4C}.Release|x64.ActiveCfg = Release|Any CPU
		{DE7294F0-B69F-4B52-8340-D98442ACDD4C}.Release|x64.Build.0 = Release|Any CPU
		{DE7294F0-B69F-4B52-8340-D98442ACDD4C}.Release|x86.ActiveCfg = Release|Any CPU
		{DE7294F0-B69F-4B52-8340-D98442ACDD4C}.Release|x86.Build.0 = Release|Any CPU
		{91B41841-224A-4AF7-9A07-57AD817C22F2}.Debug|Any CPU.ActiveCfg = Debug|Any CPU
		{91B41841-224A-4AF7-9A07-57AD817C22F2}.Debug|Any CPU.Build.0 = Debug|Any CPU
		{91B41841-224A-4AF7-9A07-57AD817C22F2}.Debug|x64.ActiveCfg = Debug|Any CPU
		{91B41841-224A-4AF7-9A07-57AD817C22F2}.Debug|x64.Build.0 = Debug|Any CPU
		{91B41841-224A-4AF7-9A07-57AD817C22F2}.Debug|x86.ActiveCfg = Debug|Any CPU
		{91B41841-224A-4AF7-9A07-57AD817C22F2}.Debug|x86.Build.0 = Debug|Any CPU
		{91B41841-224A-4AF7-9A07-57AD817C22F2}.Release|Any CPU.ActiveCfg = Release|Any CPU
		{91B41841-224A-4AF7-9A07-57AD817C22F2}.Release|Any CPU.Build.0 = Release|Any CPU
		{91B41841-224A-4AF7-9A07-57AD817C22F2}.Release|x64.ActiveCfg = Release|Any CPU
		{91B41841-224A-4AF7-9A07-57AD817C22F2}.Release|x64.Build.0 = Release|Any CPU
		{91B41841-224A-4AF7-9A07-57AD817C22F2}.Release|x86.ActiveCfg = Release|Any CPU
		{91B41841-224A-4AF7-9A07-57AD817C22F2}.Release|x86.Build.0 = Release|Any CPU
		{C314E725-D884-43C8-A648-78025FA27C20}.Debug|Any CPU.ActiveCfg = Debug|Any CPU
		{C314E725-D884-43C8-A648-78025FA27C20}.Debug|Any CPU.Build.0 = Debug|Any CPU
		{C314E725-D884-43C8-A648-78025FA27C20}.Debug|x64.ActiveCfg = Debug|Any CPU
		{C314E725-D884-43C8-A648-78025FA27C20}.Debug|x64.Build.0 = Debug|Any CPU
		{C314E725-D884-43C8-A648-78025FA27C20}.Debug|x86.ActiveCfg = Debug|Any CPU
		{C314E725-D884-43C8-A648-78025FA27C20}.Debug|x86.Build.0 = Debug|Any CPU
		{C314E725-D884-43C8-A648-78025FA27C20}.Release|Any CPU.ActiveCfg = Release|Any CPU
		{C314E725-D884-43C8-A648-78025FA27C20}.Release|Any CPU.Build.0 = Release|Any CPU
		{C314E725-D884-43C8-A648-78025FA27C20}.Release|x64.ActiveCfg = Release|Any CPU
		{C314E725-D884-43C8-A648-78025FA27C20}.Release|x64.Build.0 = Release|Any CPU
		{C314E725-D884-43C8-A648-78025FA27C20}.Release|x86.ActiveCfg = Release|Any CPU
		{C314E725-D884-43C8-A648-78025FA27C20}.Release|x86.Build.0 = Release|Any CPU
		{75077B7D-6747-41BD-8F60-053ACB340C6F}.Debug|Any CPU.ActiveCfg = Debug|Any CPU
		{75077B7D-6747-41BD-8F60-053ACB340C6F}.Debug|Any CPU.Build.0 = Debug|Any CPU
		{75077B7D-6747-41BD-8F60-053ACB340C6F}.Debug|x64.ActiveCfg = Debug|Any CPU
		{75077B7D-6747-41BD-8F60-053ACB340C6F}.Debug|x64.Build.0 = Debug|Any CPU
		{75077B7D-6747-41BD-8F60-053ACB340C6F}.Debug|x86.ActiveCfg = Debug|Any CPU
		{75077B7D-6747-41BD-8F60-053ACB340C6F}.Debug|x86.Build.0 = Debug|Any CPU
		{75077B7D-6747-41BD-8F60-053ACB340C6F}.Release|Any CPU.ActiveCfg = Release|Any CPU
		{75077B7D-6747-41BD-8F60-053ACB340C6F}.Release|Any CPU.Build.0 = Release|Any CPU
		{75077B7D-6747-41BD-8F60-053ACB340C6F}.Release|x64.ActiveCfg = Release|Any CPU
		{75077B7D-6747-41BD-8F60-053ACB340C6F}.Release|x64.Build.0 = Release|Any CPU
		{75077B7D-6747-41BD-8F60-053ACB340C6F}.Release|x86.ActiveCfg = Release|Any CPU
		{75077B7D-6747-41BD-8F60-053ACB340C6F}.Release|x86.Build.0 = Release|Any CPU
		{AA013943-D529-4DF3-B94D-EF11300440C1}.Debug|Any CPU.ActiveCfg = Debug|Any CPU
		{AA013943-D529-4DF3-B94D-EF11300440C1}.Debug|Any CPU.Build.0 = Debug|Any CPU
		{AA013943-D529-4DF3-B94D-EF11300440C1}.Debug|x64.ActiveCfg = Debug|Any CPU
		{AA013943-D529-4DF3-B94D-EF11300440C1}.Debug|x64.Build.0 = Debug|Any CPU
		{AA013943-D529-4DF3-B94D-EF11300440C1}.Debug|x86.ActiveCfg = Debug|Any CPU
		{AA013943-D529-4DF3-B94D-EF11300440C1}.Debug|x86.Build.0 = Debug|Any CPU
		{AA013943-D529-4DF3-B94D-EF11300440C1}.Release|Any CPU.ActiveCfg = Release|Any CPU
		{AA013943-D529-4DF3-B94D-EF11300440C1}.Release|Any CPU.Build.0 = Release|Any CPU
		{AA013943-D529-4DF3-B94D-EF11300440C1}.Release|x64.ActiveCfg = Release|Any CPU
		{AA013943-D529-4DF3-B94D-EF11300440C1}.Release|x64.Build.0 = Release|Any CPU
		{AA013943-D529-4DF3-B94D-EF11300440C1}.Release|x86.ActiveCfg = Release|Any CPU
		{AA013943-D529-4DF3-B94D-EF11300440C1}.Release|x86.Build.0 = Release|Any CPU
		{36677583-F838-4795-A667-4D8A1178EDD1}.Debug|Any CPU.ActiveCfg = Debug|Any CPU
		{36677583-F838-4795-A667-4D8A1178EDD1}.Debug|Any CPU.Build.0 = Debug|Any CPU
		{36677583-F838-4795-A667-4D8A1178EDD1}.Debug|x64.ActiveCfg = Debug|Any CPU
		{36677583-F838-4795-A667-4D8A1178EDD1}.Debug|x64.Build.0 = Debug|Any CPU
		{36677583-F838-4795-A667-4D8A1178EDD1}.Debug|x86.ActiveCfg = Debug|Any CPU
		{36677583-F838-4795-A667-4D8A1178EDD1}.Debug|x86.Build.0 = Debug|Any CPU
		{36677583-F838-4795-A667-4D8A1178EDD1}.Release|Any CPU.ActiveCfg = Release|Any CPU
		{36677583-F838-4795-A667-4D8A1178EDD1}.Release|Any CPU.Build.0 = Release|Any CPU
		{36677583-F838-4795-A667-4D8A1178EDD1}.Release|x64.ActiveCfg = Release|Any CPU
		{36677583-F838-4795-A667-4D8A1178EDD1}.Release|x64.Build.0 = Release|Any CPU
		{36677583-F838-4795-A667-4D8A1178EDD1}.Release|x86.ActiveCfg = Release|Any CPU
		{36677583-F838-4795-A667-4D8A1178EDD1}.Release|x86.Build.0 = Release|Any CPU
		{5970FB31-9114-4BF1-A86F-CE270A1900A6}.Debug|Any CPU.ActiveCfg = Debug|Any CPU
		{5970FB31-9114-4BF1-A86F-CE270A1900A6}.Debug|Any CPU.Build.0 = Debug|Any CPU
		{5970FB31-9114-4BF1-A86F-CE270A1900A6}.Debug|x64.ActiveCfg = Debug|Any CPU
		{5970FB31-9114-4BF1-A86F-CE270A1900A6}.Debug|x64.Build.0 = Debug|Any CPU
		{5970FB31-9114-4BF1-A86F-CE270A1900A6}.Debug|x86.ActiveCfg = Debug|Any CPU
		{5970FB31-9114-4BF1-A86F-CE270A1900A6}.Debug|x86.Build.0 = Debug|Any CPU
		{5970FB31-9114-4BF1-A86F-CE270A1900A6}.Release|Any CPU.ActiveCfg = Release|Any CPU
		{5970FB31-9114-4BF1-A86F-CE270A1900A6}.Release|Any CPU.Build.0 = Release|Any CPU
		{5970FB31-9114-4BF1-A86F-CE270A1900A6}.Release|x64.ActiveCfg = Release|Any CPU
		{5970FB31-9114-4BF1-A86F-CE270A1900A6}.Release|x64.Build.0 = Release|Any CPU
		{5970FB31-9114-4BF1-A86F-CE270A1900A6}.Release|x86.ActiveCfg = Release|Any CPU
		{5970FB31-9114-4BF1-A86F-CE270A1900A6}.Release|x86.Build.0 = Release|Any CPU
		{5529F554-CDE1-4C1D-8368-2E2867241C78}.Debug|Any CPU.ActiveCfg = Debug|Any CPU
		{5529F554-CDE1-4C1D-8368-2E2867241C78}.Debug|Any CPU.Build.0 = Debug|Any CPU
		{5529F554-CDE1-4C1D-8368-2E2867241C78}.Debug|x64.ActiveCfg = Debug|Any CPU
		{5529F554-CDE1-4C1D-8368-2E2867241C78}.Debug|x64.Build.0 = Debug|Any CPU
		{5529F554-CDE1-4C1D-8368-2E2867241C78}.Debug|x86.ActiveCfg = Debug|Any CPU
		{5529F554-CDE1-4C1D-8368-2E2867241C78}.Debug|x86.Build.0 = Debug|Any CPU
		{5529F554-CDE1-4C1D-8368-2E2867241C78}.Release|Any CPU.ActiveCfg = Release|Any CPU
		{5529F554-CDE1-4C1D-8368-2E2867241C78}.Release|Any CPU.Build.0 = Release|Any CPU
		{5529F554-CDE1-4C1D-8368-2E2867241C78}.Release|x64.ActiveCfg = Release|Any CPU
		{5529F554-CDE1-4C1D-8368-2E2867241C78}.Release|x64.Build.0 = Release|Any CPU
		{5529F554-CDE1-4C1D-8368-2E2867241C78}.Release|x86.ActiveCfg = Release|Any CPU
		{5529F554-CDE1-4C1D-8368-2E2867241C78}.Release|x86.Build.0 = Release|Any CPU
		{E671114B-97C2-4A7E-8F7C-0412DAC3878E}.Debug|Any CPU.ActiveCfg = Debug|Any CPU
		{E671114B-97C2-4A7E-8F7C-0412DAC3878E}.Debug|Any CPU.Build.0 = Debug|Any CPU
		{E671114B-97C2-4A7E-8F7C-0412DAC3878E}.Debug|x64.ActiveCfg = Debug|Any CPU
		{E671114B-97C2-4A7E-8F7C-0412DAC3878E}.Debug|x64.Build.0 = Debug|Any CPU
		{E671114B-97C2-4A7E-8F7C-0412DAC3878E}.Debug|x86.ActiveCfg = Debug|Any CPU
		{E671114B-97C2-4A7E-8F7C-0412DAC3878E}.Debug|x86.Build.0 = Debug|Any CPU
		{E671114B-97C2-4A7E-8F7C-0412DAC3878E}.Release|Any CPU.ActiveCfg = Release|Any CPU
		{E671114B-97C2-4A7E-8F7C-0412DAC3878E}.Release|Any CPU.Build.0 = Release|Any CPU
		{E671114B-97C2-4A7E-8F7C-0412DAC3878E}.Release|x64.ActiveCfg = Release|Any CPU
		{E671114B-97C2-4A7E-8F7C-0412DAC3878E}.Release|x64.Build.0 = Release|Any CPU
		{E671114B-97C2-4A7E-8F7C-0412DAC3878E}.Release|x86.ActiveCfg = Release|Any CPU
		{E671114B-97C2-4A7E-8F7C-0412DAC3878E}.Release|x86.Build.0 = Release|Any CPU
	EndGlobalSection
	GlobalSection(SolutionProperties) = preSolution
		HideSolutionNode = FALSE
	EndGlobalSection
	GlobalSection(ExtensibilityGlobals) = postSolution
		SolutionGuid = {BC105AF7-B56B-4772-A9C5-9A2E8967B260}
	EndGlobalSection
EndGlobal
